// !$*UTF8*$!
{
	archiveVersion = 1;
	classes = {
	};
	objectVersion = 55;
	objects = {

/* Begin PBXBuildFile section */
		7A43901D27C4592300121492 /* Tests_iOS.swift in Sources */ = {isa = PBXBuildFile; fileRef = 7A43901C27C4592300121492 /* Tests_iOS.swift */; };
		7A43901F27C4592300121492 /* Tests_iOSLaunchTests.swift in Sources */ = {isa = PBXBuildFile; fileRef = 7A43901E27C4592300121492 /* Tests_iOSLaunchTests.swift */; };
		7A43902927C4592300121492 /* Tests_macOS.swift in Sources */ = {isa = PBXBuildFile; fileRef = 7A43902827C4592300121492 /* Tests_macOS.swift */; };
		7A43902B27C4592300121492 /* Tests_macOSLaunchTests.swift in Sources */ = {isa = PBXBuildFile; fileRef = 7A43902A27C4592300121492 /* Tests_macOSLaunchTests.swift */; };
		7A43902C27C4592300121492 /* skingredientsApp.swift in Sources */ = {isa = PBXBuildFile; fileRef = 7A43900427C4592000121492 /* skingredientsApp.swift */; };
		7A43902D27C4592300121492 /* skingredientsApp.swift in Sources */ = {isa = PBXBuildFile; fileRef = 7A43900427C4592000121492 /* skingredientsApp.swift */; };
		7A43902E27C4592300121492 /* ContentView.swift in Sources */ = {isa = PBXBuildFile; fileRef = 7A43900527C4592000121492 /* ContentView.swift */; };
		7A43903027C4592300121492 /* Assets.xcassets in Resources */ = {isa = PBXBuildFile; fileRef = 7A43900627C4592300121492 /* Assets.xcassets */; };
		7A43903127C4592300121492 /* Assets.xcassets in Resources */ = {isa = PBXBuildFile; fileRef = 7A43900627C4592300121492 /* Assets.xcassets */; };
		7A43904327C4667E00121492 /* .gitignore in Resources */ = {isa = PBXBuildFile; fileRef = 7A43904227C4667E00121492 /* .gitignore */; };
		7AE7385A27CC75DC003F85AE /* ProductsDatabase.swift in Sources */ = {isa = PBXBuildFile; fileRef = 7AE7385927CC75DC003F85AE /* ProductsDatabase.swift */; };
/* End PBXBuildFile section */

/* Begin PBXContainerItemProxy section */
		7A43901927C4592300121492 /* PBXContainerItemProxy */ = {
			isa = PBXContainerItemProxy;
			containerPortal = 7A438FFF27C4592000121492 /* Project object */;
			proxyType = 1;
			remoteGlobalIDString = 7A43900A27C4592300121492;
			remoteInfo = "skingredients (iOS)";
		};
		7A43902527C4592300121492 /* PBXContainerItemProxy */ = {
			isa = PBXContainerItemProxy;
			containerPortal = 7A438FFF27C4592000121492 /* Project object */;
			proxyType = 1;
			remoteGlobalIDString = 7A43901027C4592300121492;
			remoteInfo = "skingredients (macOS)";
		};
/* End PBXContainerItemProxy section */

/* Begin PBXFileReference section */
		7A43900427C4592000121492 /* skingredientsApp.swift */ = {isa = PBXFileReference; lastKnownFileType = sourcecode.swift; path = skingredientsApp.swift; sourceTree = "<group>"; };
		7A43900527C4592000121492 /* ContentView.swift */ = {isa = PBXFileReference; lastKnownFileType = sourcecode.swift; path = ContentView.swift; sourceTree = "<group>"; };
		7A43900627C4592300121492 /* Assets.xcassets */ = {isa = PBXFileReference; lastKnownFileType = folder.assetcatalog; path = Assets.xcassets; sourceTree = "<group>"; };
		7A43900B27C4592300121492 /* skingredients.app */ = {isa = PBXFileReference; explicitFileType = wrapper.application; includeInIndex = 0; path = skingredients.app; sourceTree = BUILT_PRODUCTS_DIR; };
		7A43901127C4592300121492 /* skingredients.app */ = {isa = PBXFileReference; explicitFileType = wrapper.application; includeInIndex = 0; path = skingredients.app; sourceTree = BUILT_PRODUCTS_DIR; };
		7A43901327C4592300121492 /* macOS.entitlements */ = {isa = PBXFileReference; lastKnownFileType = text.plist.entitlements; path = macOS.entitlements; sourceTree = "<group>"; };
		7A43901827C4592300121492 /* Tests iOS.xctest */ = {isa = PBXFileReference; explicitFileType = wrapper.cfbundle; includeInIndex = 0; path = "Tests iOS.xctest"; sourceTree = BUILT_PRODUCTS_DIR; };
		7A43901C27C4592300121492 /* Tests_iOS.swift */ = {isa = PBXFileReference; lastKnownFileType = sourcecode.swift; path = Tests_iOS.swift; sourceTree = "<group>"; };
		7A43901E27C4592300121492 /* Tests_iOSLaunchTests.swift */ = {isa = PBXFileReference; lastKnownFileType = sourcecode.swift; path = Tests_iOSLaunchTests.swift; sourceTree = "<group>"; };
		7A43902427C4592300121492 /* Tests macOS.xctest */ = {isa = PBXFileReference; explicitFileType = wrapper.cfbundle; includeInIndex = 0; path = "Tests macOS.xctest"; sourceTree = BUILT_PRODUCTS_DIR; };
		7A43902827C4592300121492 /* Tests_macOS.swift */ = {isa = PBXFileReference; lastKnownFileType = sourcecode.swift; path = Tests_macOS.swift; sourceTree = "<group>"; };
		7A43902A27C4592300121492 /* Tests_macOSLaunchTests.swift */ = {isa = PBXFileReference; lastKnownFileType = sourcecode.swift; path = Tests_macOSLaunchTests.swift; sourceTree = "<group>"; };
		7A43904227C4667E00121492 /* .gitignore */ = {isa = PBXFileReference; lastKnownFileType = text; path = .gitignore; sourceTree = "<group>"; };
		7AE7385927CC75DC003F85AE /* ProductsDatabase.swift */ = {isa = PBXFileReference; lastKnownFileType = sourcecode.swift; path = ProductsDatabase.swift; sourceTree = "<group>"; };
/* End PBXFileReference section */

/* Begin PBXFrameworksBuildPhase section */
		7A43900827C4592300121492 /* Frameworks */ = {
			isa = PBXFrameworksBuildPhase;
			buildActionMask = 2147483647;
			files = (
			);
			runOnlyForDeploymentPostprocessing = 0;
		};
		7A43900E27C4592300121492 /* Frameworks */ = {
			isa = PBXFrameworksBuildPhase;
			buildActionMask = 2147483647;
			files = (
			);
			runOnlyForDeploymentPostprocessing = 0;
		};
		7A43901527C4592300121492 /* Frameworks */ = {
			isa = PBXFrameworksBuildPhase;
			buildActionMask = 2147483647;
			files = (
			);
			runOnlyForDeploymentPostprocessing = 0;
		};
		7A43902127C4592300121492 /* Frameworks */ = {
			isa = PBXFrameworksBuildPhase;
			buildActionMask = 2147483647;
			files = (
			);
			runOnlyForDeploymentPostprocessing = 0;
		};
/* End PBXFrameworksBuildPhase section */

/* Begin PBXGroup section */
		7A438FFE27C4592000121492 = {
			isa = PBXGroup;
			children = (
				7A43904227C4667E00121492 /* .gitignore */,
				7A43900327C4592000121492 /* Shared */,
				7A43901227C4592300121492 /* macOS */,
				7A43901B27C4592300121492 /* Tests iOS */,
				7A43902727C4592300121492 /* Tests macOS */,
				7A43900C27C4592300121492 /* Products */,
			);
			sourceTree = "<group>";
		};
		7A43900327C4592000121492 /* Shared */ = {
			isa = PBXGroup;
			children = (
				7A43900427C4592000121492 /* skingredientsApp.swift */,
				7A43900527C4592000121492 /* ContentView.swift */,
				7A43900627C4592300121492 /* Assets.xcassets */,
				7AE7385927CC75DC003F85AE /* ProductsDatabase.swift */,
			);
			path = Shared;
			sourceTree = "<group>";
		};
		7A43900C27C4592300121492 /* Products */ = {
			isa = PBXGroup;
			children = (
				7A43900B27C4592300121492 /* skingredients.app */,
				7A43901127C4592300121492 /* skingredients.app */,
				7A43901827C4592300121492 /* Tests iOS.xctest */,
				7A43902427C4592300121492 /* Tests macOS.xctest */,
			);
			name = Products;
			sourceTree = "<group>";
		};
		7A43901227C4592300121492 /* macOS */ = {
			isa = PBXGroup;
			children = (
				7A43901327C4592300121492 /* macOS.entitlements */,
			);
			path = macOS;
			sourceTree = "<group>";
		};
		7A43901B27C4592300121492 /* Tests iOS */ = {
			isa = PBXGroup;
			children = (
				7A43901C27C4592300121492 /* Tests_iOS.swift */,
				7A43901E27C4592300121492 /* Tests_iOSLaunchTests.swift */,
			);
			path = "Tests iOS";
			sourceTree = "<group>";
		};
		7A43902727C4592300121492 /* Tests macOS */ = {
			isa = PBXGroup;
			children = (
				7A43902827C4592300121492 /* Tests_macOS.swift */,
				7A43902A27C4592300121492 /* Tests_macOSLaunchTests.swift */,
			);
			path = "Tests macOS";
			sourceTree = "<group>";
		};
/* End PBXGroup section */

/* Begin PBXNativeTarget section */
		7A43900A27C4592300121492 /* skingredients (iOS) */ = {
			isa = PBXNativeTarget;
			buildConfigurationList = 7A43903427C4592400121492 /* Build configuration list for PBXNativeTarget "skingredients (iOS)" */;
			buildPhases = (
				7A43900727C4592300121492 /* Sources */,
				7A43900827C4592300121492 /* Frameworks */,
				7A43900927C4592300121492 /* Resources */,
			);
			buildRules = (
			);
			dependencies = (
			);
			name = "skingredients (iOS)";
			productName = "skingredients (iOS)";
			productReference = 7A43900B27C4592300121492 /* skingredients.app */;
			productType = "com.apple.product-type.application";
		};
		7A43901027C4592300121492 /* skingredients (macOS) */ = {
			isa = PBXNativeTarget;
			buildConfigurationList = 7A43903727C4592400121492 /* Build configuration list for PBXNativeTarget "skingredients (macOS)" */;
			buildPhases = (
				7A43900D27C4592300121492 /* Sources */,
				7A43900E27C4592300121492 /* Frameworks */,
				7A43900F27C4592300121492 /* Resources */,
			);
			buildRules = (
			);
			dependencies = (
			);
			name = "skingredients (macOS)";
			productName = "skingredients (macOS)";
			productReference = 7A43901127C4592300121492 /* skingredients.app */;
			productType = "com.apple.product-type.application";
		};
		7A43901727C4592300121492 /* Tests iOS */ = {
			isa = PBXNativeTarget;
			buildConfigurationList = 7A43903A27C4592400121492 /* Build configuration list for PBXNativeTarget "Tests iOS" */;
			buildPhases = (
				7A43901427C4592300121492 /* Sources */,
				7A43901527C4592300121492 /* Frameworks */,
				7A43901627C4592300121492 /* Resources */,
			);
			buildRules = (
			);
			dependencies = (
				7A43901A27C4592300121492 /* PBXTargetDependency */,
			);
			name = "Tests iOS";
			productName = "Tests iOS";
			productReference = 7A43901827C4592300121492 /* Tests iOS.xctest */;
			productType = "com.apple.product-type.bundle.ui-testing";
		};
		7A43902327C4592300121492 /* Tests macOS */ = {
			isa = PBXNativeTarget;
			buildConfigurationList = 7A43903D27C4592400121492 /* Build configuration list for PBXNativeTarget "Tests macOS" */;
			buildPhases = (
				7A43902027C4592300121492 /* Sources */,
				7A43902127C4592300121492 /* Frameworks */,
				7A43902227C4592300121492 /* Resources */,
			);
			buildRules = (
			);
			dependencies = (
				7A43902627C4592300121492 /* PBXTargetDependency */,
			);
			name = "Tests macOS";
			productName = "Tests macOS";
			productReference = 7A43902427C4592300121492 /* Tests macOS.xctest */;
			productType = "com.apple.product-type.bundle.ui-testing";
		};
/* End PBXNativeTarget section */

/* Begin PBXProject section */
		7A438FFF27C4592000121492 /* Project object */ = {
			isa = PBXProject;
			attributes = {
				BuildIndependentTargetsInParallel = 1;
				LastSwiftUpdateCheck = 1320;
				LastUpgradeCheck = 1320;
				TargetAttributes = {
					7A43900A27C4592300121492 = {
						CreatedOnToolsVersion = 13.2.1;
					};
					7A43901027C4592300121492 = {
						CreatedOnToolsVersion = 13.2.1;
					};
					7A43901727C4592300121492 = {
						CreatedOnToolsVersion = 13.2.1;
						TestTargetID = 7A43900A27C4592300121492;
					};
					7A43902327C4592300121492 = {
						CreatedOnToolsVersion = 13.2.1;
						TestTargetID = 7A43901027C4592300121492;
					};
				};
			};
			buildConfigurationList = 7A43900227C4592000121492 /* Build configuration list for PBXProject "skingredients" */;
			compatibilityVersion = "Xcode 13.0";
			developmentRegion = en;
			hasScannedForEncodings = 0;
			knownRegions = (
				en,
				Base,
			);
			mainGroup = 7A438FFE27C4592000121492;
			productRefGroup = 7A43900C27C4592300121492 /* Products */;
			projectDirPath = "";
			projectRoot = "";
			targets = (
				7A43900A27C4592300121492 /* skingredients (iOS) */,
				7A43901027C4592300121492 /* skingredients (macOS) */,
				7A43901727C4592300121492 /* Tests iOS */,
				7A43902327C4592300121492 /* Tests macOS */,
			);
		};
/* End PBXProject section */

/* Begin PBXResourcesBuildPhase section */
		7A43900927C4592300121492 /* Resources */ = {
			isa = PBXResourcesBuildPhase;
			buildActionMask = 2147483647;
			files = (
				7A43904327C4667E00121492 /* .gitignore in Resources */,
				7A43903027C4592300121492 /* Assets.xcassets in Resources */,
			);
			runOnlyForDeploymentPostprocessing = 0;
		};
		7A43900F27C4592300121492 /* Resources */ = {
			isa = PBXResourcesBuildPhase;
			buildActionMask = 2147483647;
			files = (
				7A43903127C4592300121492 /* Assets.xcassets in Resources */,
			);
			runOnlyForDeploymentPostprocessing = 0;
		};
		7A43901627C4592300121492 /* Resources */ = {
			isa = PBXResourcesBuildPhase;
			buildActionMask = 2147483647;
			files = (
			);
			runOnlyForDeploymentPostprocessing = 0;
		};
		7A43902227C4592300121492 /* Resources */ = {
			isa = PBXResourcesBuildPhase;
			buildActionMask = 2147483647;
			files = (
			);
			runOnlyForDeploymentPostprocessing = 0;
		};
/* End PBXResourcesBuildPhase section */

/* Begin PBXSourcesBuildPhase section */
		7A43900727C4592300121492 /* Sources */ = {
			isa = PBXSourcesBuildPhase;
			buildActionMask = 2147483647;
			files = (
				7A43902E27C4592300121492 /* ContentView.swift in Sources */,
				7A43902C27C4592300121492 /* skingredientsApp.swift in Sources */,
				7AE7385A27CC75DC003F85AE /* ProductsDatabase.swift in Sources */,
			);
			runOnlyForDeploymentPostprocessing = 0;
		};
		7A43900D27C4592300121492 /* Sources */ = {
			isa = PBXSourcesBuildPhase;
			buildActionMask = 2147483647;
			files = (
				7A43902D27C4592300121492 /* skingredientsApp.swift in Sources */,
			);
			runOnlyForDeploymentPostprocessing = 0;
		};
		7A43901427C4592300121492 /* Sources */ = {
			isa = PBXSourcesBuildPhase;
			buildActionMask = 2147483647;
			files = (
				7A43901F27C4592300121492 /* Tests_iOSLaunchTests.swift in Sources */,
				7A43901D27C4592300121492 /* Tests_iOS.swift in Sources */,
			);
			runOnlyForDeploymentPostprocessing = 0;
		};
		7A43902027C4592300121492 /* Sources */ = {
			isa = PBXSourcesBuildPhase;
			buildActionMask = 2147483647;
			files = (
				7A43902B27C4592300121492 /* Tests_macOSLaunchTests.swift in Sources */,
				7A43902927C4592300121492 /* Tests_macOS.swift in Sources */,
			);
			runOnlyForDeploymentPostprocessing = 0;
		};
/* End PBXSourcesBuildPhase section */

/* Begin PBXTargetDependency section */
		7A43901A27C4592300121492 /* PBXTargetDependency */ = {
			isa = PBXTargetDependency;
			target = 7A43900A27C4592300121492 /* skingredients (iOS) */;
			targetProxy = 7A43901927C4592300121492 /* PBXContainerItemProxy */;
		};
		7A43902627C4592300121492 /* PBXTargetDependency */ = {
			isa = PBXTargetDependency;
			target = 7A43901027C4592300121492 /* skingredients (macOS) */;
			targetProxy = 7A43902527C4592300121492 /* PBXContainerItemProxy */;
		};
/* End PBXTargetDependency section */

/* Begin XCBuildConfiguration section */
		7A43903227C4592300121492 /* Debug */ = {
			isa = XCBuildConfiguration;
			buildSettings = {
				ALWAYS_SEARCH_USER_PATHS = NO;
				CLANG_ANALYZER_NONNULL = YES;
				CLANG_ANALYZER_NUMBER_OBJECT_CONVERSION = YES_AGGRESSIVE;
				CLANG_CXX_LANGUAGE_STANDARD = "gnu++17";
				CLANG_CXX_LIBRARY = "libc++";
				CLANG_ENABLE_MODULES = YES;
				CLANG_ENABLE_OBJC_ARC = YES;
				CLANG_ENABLE_OBJC_WEAK = YES;
				CLANG_WARN_BLOCK_CAPTURE_AUTORELEASING = YES;
				CLANG_WARN_BOOL_CONVERSION = YES;
				CLANG_WARN_COMMA = YES;
				CLANG_WARN_CONSTANT_CONVERSION = YES;
				CLANG_WARN_DEPRECATED_OBJC_IMPLEMENTATIONS = YES;
				CLANG_WARN_DIRECT_OBJC_ISA_USAGE = YES_ERROR;
				CLANG_WARN_DOCUMENTATION_COMMENTS = YES;
				CLANG_WARN_EMPTY_BODY = YES;
				CLANG_WARN_ENUM_CONVERSION = YES;
				CLANG_WARN_INFINITE_RECURSION = YES;
				CLANG_WARN_INT_CONVERSION = YES;
				CLANG_WARN_NON_LITERAL_NULL_CONVERSION = YES;
				CLANG_WARN_OBJC_IMPLICIT_RETAIN_SELF = YES;
				CLANG_WARN_OBJC_LITERAL_CONVERSION = YES;
				CLANG_WARN_OBJC_ROOT_CLASS = YES_ERROR;
				CLANG_WARN_QUOTED_INCLUDE_IN_FRAMEWORK_HEADER = YES;
				CLANG_WARN_RANGE_LOOP_ANALYSIS = YES;
				CLANG_WARN_STRICT_PROTOTYPES = YES;
				CLANG_WARN_SUSPICIOUS_MOVE = YES;
				CLANG_WARN_UNGUARDED_AVAILABILITY = YES_AGGRESSIVE;
				CLANG_WARN_UNREACHABLE_CODE = YES;
				CLANG_WARN__DUPLICATE_METHOD_MATCH = YES;
				COPY_PHASE_STRIP = NO;
				DEBUG_INFORMATION_FORMAT = dwarf;
				ENABLE_STRICT_OBJC_MSGSEND = YES;
				ENABLE_TESTABILITY = YES;
				GCC_C_LANGUAGE_STANDARD = gnu11;
				GCC_DYNAMIC_NO_PIC = NO;
				GCC_NO_COMMON_BLOCKS = YES;
				GCC_OPTIMIZATION_LEVEL = 0;
				GCC_PREPROCESSOR_DEFINITIONS = (
					"DEBUG=1",
					"$(inherited)",
				);
				GCC_WARN_64_TO_32_BIT_CONVERSION = YES;
				GCC_WARN_ABOUT_RETURN_TYPE = YES_ERROR;
				GCC_WARN_UNDECLARED_SELECTOR = YES;
				GCC_WARN_UNINITIALIZED_AUTOS = YES_AGGRESSIVE;
				GCC_WARN_UNUSED_FUNCTION = YES;
				GCC_WARN_UNUSED_VARIABLE = YES;
				MTL_ENABLE_DEBUG_INFO = INCLUDE_SOURCE;
				MTL_FAST_MATH = YES;
				ONLY_ACTIVE_ARCH = YES;
				SWIFT_ACTIVE_COMPILATION_CONDITIONS = DEBUG;
				SWIFT_OPTIMIZATION_LEVEL = "-Onone";
			};
			name = Debug;
		};
		7A43903327C4592400121492 /* Release */ = {
			isa = XCBuildConfiguration;
			buildSettings = {
				ALWAYS_SEARCH_USER_PATHS = NO;
				CLANG_ANALYZER_NONNULL = YES;
				CLANG_ANALYZER_NUMBER_OBJECT_CONVERSION = YES_AGGRESSIVE;
				CLANG_CXX_LANGUAGE_STANDARD = "gnu++17";
				CLANG_CXX_LIBRARY = "libc++";
				CLANG_ENABLE_MODULES = YES;
				CLANG_ENABLE_OBJC_ARC = YES;
				CLANG_ENABLE_OBJC_WEAK = YES;
				CLANG_WARN_BLOCK_CAPTURE_AUTORELEASING = YES;
				CLANG_WARN_BOOL_CONVERSION = YES;
				CLANG_WARN_COMMA = YES;
				CLANG_WARN_CONSTANT_CONVERSION = YES;
				CLANG_WARN_DEPRECATED_OBJC_IMPLEMENTATIONS = YES;
				CLANG_WARN_DIRECT_OBJC_ISA_USAGE = YES_ERROR;
				CLANG_WARN_DOCUMENTATION_COMMENTS = YES;
				CLANG_WARN_EMPTY_BODY = YES;
				CLANG_WARN_ENUM_CONVERSION = YES;
				CLANG_WARN_INFINITE_RECURSION = YES;
				CLANG_WARN_INT_CONVERSION = YES;
				CLANG_WARN_NON_LITERAL_NULL_CONVERSION = YES;
				CLANG_WARN_OBJC_IMPLICIT_RETAIN_SELF = YES;
				CLANG_WARN_OBJC_LITERAL_CONVERSION = YES;
				CLANG_WARN_OBJC_ROOT_CLASS = YES_ERROR;
				CLANG_WARN_QUOTED_INCLUDE_IN_FRAMEWORK_HEADER = YES;
				CLANG_WARN_RANGE_LOOP_ANALYSIS = YES;
				CLANG_WARN_STRICT_PROTOTYPES = YES;
				CLANG_WARN_SUSPICIOUS_MOVE = YES;
				CLANG_WARN_UNGUARDED_AVAILABILITY = YES_AGGRESSIVE;
				CLANG_WARN_UNREACHABLE_CODE = YES;
				CLANG_WARN__DUPLICATE_METHOD_MATCH = YES;
				COPY_PHASE_STRIP = NO;
				DEBUG_INFORMATION_FORMAT = "dwarf-with-dsym";
				ENABLE_NS_ASSERTIONS = NO;
				ENABLE_STRICT_OBJC_MSGSEND = YES;
				GCC_C_LANGUAGE_STANDARD = gnu11;
				GCC_NO_COMMON_BLOCKS = YES;
				GCC_WARN_64_TO_32_BIT_CONVERSION = YES;
				GCC_WARN_ABOUT_RETURN_TYPE = YES_ERROR;
				GCC_WARN_UNDECLARED_SELECTOR = YES;
				GCC_WARN_UNINITIALIZED_AUTOS = YES_AGGRESSIVE;
				GCC_WARN_UNUSED_FUNCTION = YES;
				GCC_WARN_UNUSED_VARIABLE = YES;
				MTL_ENABLE_DEBUG_INFO = NO;
				MTL_FAST_MATH = YES;
				SWIFT_COMPILATION_MODE = wholemodule;
				SWIFT_OPTIMIZATION_LEVEL = "-O";
			};
			name = Release;
		};
		7A43903527C4592400121492 /* Debug */ = {
			isa = XCBuildConfiguration;
			buildSettings = {
				ASSETCATALOG_COMPILER_APPICON_NAME = AppIcon;
				ASSETCATALOG_COMPILER_GLOBAL_ACCENT_COLOR_NAME = AccentColor;
				CODE_SIGN_STYLE = Automatic;
				CURRENT_PROJECT_VERSION = 1;
				DEVELOPMENT_TEAM = Z97S4D8BTG;
				ENABLE_PREVIEWS = YES;
				GENERATE_INFOPLIST_FILE = YES;
				INFOPLIST_KEY_UIApplicationSceneManifest_Generation = YES;
				INFOPLIST_KEY_UIApplicationSupportsIndirectInputEvents = YES;
				INFOPLIST_KEY_UILaunchScreen_Generation = YES;
				INFOPLIST_KEY_UISupportedInterfaceOrientations_iPad = "UIInterfaceOrientationPortrait UIInterfaceOrientationPortraitUpsideDown UIInterfaceOrientationLandscapeLeft UIInterfaceOrientationLandscapeRight";
				INFOPLIST_KEY_UISupportedInterfaceOrientations_iPhone = "UIInterfaceOrientationPortrait UIInterfaceOrientationLandscapeLeft UIInterfaceOrientationLandscapeRight";
				IPHONEOS_DEPLOYMENT_TARGET = 15.2;
				LD_RUNPATH_SEARCH_PATHS = (
					"$(inherited)",
					"@executable_path/Frameworks",
				);
				MARKETING_VERSION = 1.0;
				PRODUCT_BUNDLE_IDENTIFIER = gr8.skingredients;
				PRODUCT_NAME = skingredients;
				SDKROOT = iphoneos;
				SWIFT_EMIT_LOC_STRINGS = YES;
				SWIFT_VERSION = 5.0;
				TARGETED_DEVICE_FAMILY = "1,2";
			};
			name = Debug;
		};
		7A43903627C4592400121492 /* Release */ = {
			isa = XCBuildConfiguration;
			buildSettings = {
				ASSETCATALOG_COMPILER_APPICON_NAME = AppIcon;
				ASSETCATALOG_COMPILER_GLOBAL_ACCENT_COLOR_NAME = AccentColor;
				CODE_SIGN_STYLE = Automatic;
				CURRENT_PROJECT_VERSION = 1;
				DEVELOPMENT_TEAM = Z97S4D8BTG;
				ENABLE_PREVIEWS = YES;
				GENERATE_INFOPLIST_FILE = YES;
				INFOPLIST_KEY_UIApplicationSceneManifest_Generation = YES;
				INFOPLIST_KEY_UIApplicationSupportsIndirectInputEvents = YES;
				INFOPLIST_KEY_UILaunchScreen_Generation = YES;
				INFOPLIST_KEY_UISupportedInterfaceOrientations_iPad = "UIInterfaceOrientationPortrait UIInterfaceOrientationPortraitUpsideDown UIInterfaceOrientationLandscapeLeft UIInterfaceOrientationLandscapeRight";
				INFOPLIST_KEY_UISupportedInterfaceOrientations_iPhone = "UIInterfaceOrientationPortrait UIInterfaceOrientationLandscapeLeft UIInterfaceOrientationLandscapeRight";
				IPHONEOS_DEPLOYMENT_TARGET = 15.2;
				LD_RUNPATH_SEARCH_PATHS = (
					"$(inherited)",
					"@executable_path/Frameworks",
				);
				MARKETING_VERSION = 1.0;
				PRODUCT_BUNDLE_IDENTIFIER = gr8.skingredients;
				PRODUCT_NAME = skingredients;
				SDKROOT = iphoneos;
				SWIFT_EMIT_LOC_STRINGS = YES;
				SWIFT_VERSION = 5.0;
				TARGETED_DEVICE_FAMILY = "1,2";
				VALIDATE_PRODUCT = YES;
			};
			name = Release;
		};
		7A43903827C4592400121492 /* Debug */ = {
			isa = XCBuildConfiguration;
			buildSettings = {
				ASSETCATALOG_COMPILER_APPICON_NAME = AppIcon;
				ASSETCATALOG_COMPILER_GLOBAL_ACCENT_COLOR_NAME = AccentColor;
				CODE_SIGN_ENTITLEMENTS = macOS/macOS.entitlements;
				CODE_SIGN_STYLE = Automatic;
				COMBINE_HIDPI_IMAGES = YES;
				CURRENT_PROJECT_VERSION = 1;
				ENABLE_PREVIEWS = YES;
				GENERATE_INFOPLIST_FILE = YES;
				INFOPLIST_KEY_NSHumanReadableCopyright = "";
				LD_RUNPATH_SEARCH_PATHS = (
					"$(inherited)",
					"@executable_path/../Frameworks",
				);
				MACOSX_DEPLOYMENT_TARGET = 12.1;
				MARKETING_VERSION = 1.0;
				PRODUCT_BUNDLE_IDENTIFIER = gr8.skingredients;
				PRODUCT_NAME = skingredients;
				SDKROOT = macosx;
				SWIFT_EMIT_LOC_STRINGS = YES;
				SWIFT_VERSION = 5.0;
			};
			name = Debug;
		};
		7A43903927C4592400121492 /* Release */ = {
			isa = XCBuildConfiguration;
			buildSettings = {
				ASSETCATALOG_COMPILER_APPICON_NAME = AppIcon;
				ASSETCATALOG_COMPILER_GLOBAL_ACCENT_COLOR_NAME = AccentColor;
				CODE_SIGN_ENTITLEMENTS = macOS/macOS.entitlements;
				CODE_SIGN_STYLE = Automatic;
				COMBINE_HIDPI_IMAGES = YES;
				CURRENT_PROJECT_VERSION = 1;
				ENABLE_PREVIEWS = YES;
				GENERATE_INFOPLIST_FILE = YES;
				INFOPLIST_KEY_NSHumanReadableCopyright = "";
				LD_RUNPATH_SEARCH_PATHS = (
					"$(inherited)",
					"@executable_path/../Frameworks",
				);
				MACOSX_DEPLOYMENT_TARGET = 12.1;
				MARKETING_VERSION = 1.0;
				PRODUCT_BUNDLE_IDENTIFIER = gr8.skingredients;
				PRODUCT_NAME = skingredients;
				SDKROOT = macosx;
				SWIFT_EMIT_LOC_STRINGS = YES;
				SWIFT_VERSION = 5.0;
			};
			name = Release;
		};
		7A43903B27C4592400121492 /* Debug */ = {
			isa = XCBuildConfiguration;
			buildSettings = {
				ALWAYS_EMBED_SWIFT_STANDARD_LIBRARIES = YES;
				CODE_SIGN_STYLE = Automatic;
				CURRENT_PROJECT_VERSION = 1;
				GENERATE_INFOPLIST_FILE = YES;
				IPHONEOS_DEPLOYMENT_TARGET = 15.2;
				MARKETING_VERSION = 1.0;
				PRODUCT_BUNDLE_IDENTIFIER = "gr8.Tests-iOS";
				PRODUCT_NAME = "$(TARGET_NAME)";
				SDKROOT = iphoneos;
				SWIFT_EMIT_LOC_STRINGS = NO;
				SWIFT_VERSION = 5.0;
				TARGETED_DEVICE_FAMILY = "1,2";
				TEST_TARGET_NAME = "skingredients (iOS)";
			};
			name = Debug;
		};
		7A43903C27C4592400121492 /* Release */ = {
			isa = XCBuildConfiguration;
			buildSettings = {
				ALWAYS_EMBED_SWIFT_STANDARD_LIBRARIES = YES;
				CODE_SIGN_STYLE = Automatic;
				CURRENT_PROJECT_VERSION = 1;
				GENERATE_INFOPLIST_FILE = YES;
				IPHONEOS_DEPLOYMENT_TARGET = 15.2;
				MARKETING_VERSION = 1.0;
				PRODUCT_BUNDLE_IDENTIFIER = "gr8.Tests-iOS";
				PRODUCT_NAME = "$(TARGET_NAME)";
				SDKROOT = iphoneos;
				SWIFT_EMIT_LOC_STRINGS = NO;
				SWIFT_VERSION = 5.0;
				TARGETED_DEVICE_FAMILY = "1,2";
				TEST_TARGET_NAME = "skingredients (iOS)";
				VALIDATE_PRODUCT = YES;
			};
			name = Release;
		};
		7A43903E27C4592400121492 /* Debug */ = {
			isa = XCBuildConfiguration;
			buildSettings = {
				ALWAYS_EMBED_SWIFT_STANDARD_LIBRARIES = YES;
				CODE_SIGN_STYLE = Automatic;
				CURRENT_PROJECT_VERSION = 1;
				GENERATE_INFOPLIST_FILE = YES;
				MACOSX_DEPLOYMENT_TARGET = 12.1;
				MARKETING_VERSION = 1.0;
				PRODUCT_BUNDLE_IDENTIFIER = "gr8.Tests-macOS";
				PRODUCT_NAME = "$(TARGET_NAME)";
				SDKROOT = macosx;
				SWIFT_EMIT_LOC_STRINGS = NO;
				SWIFT_VERSION = 5.0;
				TEST_TARGET_NAME = "skingredients (macOS)";
			};
			name = Debug;
		};
		7A43903F27C4592400121492 /* Release */ = {
			isa = XCBuildConfiguration;
			buildSettings = {
				ALWAYS_EMBED_SWIFT_STANDARD_LIBRARIES = YES;
				CODE_SIGN_STYLE = Automatic;
				CURRENT_PROJECT_VERSION = 1;
				GENERATE_INFOPLIST_FILE = YES;
				MACOSX_DEPLOYMENT_TARGET = 12.1;
				MARKETING_VERSION = 1.0;
				PRODUCT_BUNDLE_IDENTIFIER = "gr8.Tests-macOS";
				PRODUCT_NAME = "$(TARGET_NAME)";
				SDKROOT = macosx;
				SWIFT_EMIT_LOC_STRINGS = NO;
				SWIFT_VERSION = 5.0;
				TEST_TARGET_NAME = "skingredients (macOS)";
			};
			name = Release;
		};
/* End XCBuildConfiguration section */

/* Begin XCConfigurationList section */
		7A43900227C4592000121492 /* Build configuration list for PBXProject "skingredients" */ = {
			isa = XCConfigurationList;
			buildConfigurations = (
				7A43903227C4592300121492 /* Debug */,
				7A43903327C4592400121492 /* Release */,
			);
			defaultConfigurationIsVisible = 0;
			defaultConfigurationName = Release;
		};
		7A43903427C4592400121492 /* Build configuration list for PBXNativeTarget "skingredients (iOS)" */ = {
			isa = XCConfigurationList;
			buildConfigurations = (
				7A43903527C4592400121492 /* Debug */,
				7A43903627C4592400121492 /* Release */,
			);
			defaultConfigurationIsVisible = 0;
			defaultConfigurationName = Release;
		};
		7A43903727C4592400121492 /* Build configuration list for PBXNativeTarget "skingredients (macOS)" */ = {
			isa = XCConfigurationList;
			buildConfigurations = (
				7A43903827C4592400121492 /* Debug */,
				7A43903927C4592400121492 /* Release */,
			);
			defaultConfigurationIsVisible = 0;
			defaultConfigurationName = Release;
		};
		7A43903A27C4592400121492 /* Build configuration list for PBXNativeTarget "Tests iOS" */ = {
			isa = XCConfigurationList;
			buildConfigurations = (
				7A43903B27C4592400121492 /* Debug */,
				7A43903C27C4592400121492 /* Release */,
			);
			defaultConfigurationIsVisible = 0;
			defaultConfigurationName = Release;
		};
		7A43903D27C4592400121492 /* Build configuration list for PBXNativeTarget "Tests macOS" */ = {
			isa = XCConfigurationList;
			buildConfigurations = (
				7A43903E27C4592400121492 /* Debug */,
				7A43903F27C4592400121492 /* Release */,
			);
			defaultConfigurationIsVisible = 0;
			defaultConfigurationName = Release;
		};
/* End XCConfigurationList section */
	};
	rootObject = 7A438FFF27C4592000121492 /* Project object */;
}
